github.com/aws/aws-sdk-go-v2 v1.47.1 h1:uOIZnp4PK3ZhKI0dNrJrhTEsLxbpXHTAJlwoS1pvAtw=
github.com/aws/aws-sdk-go-v2 v1.47.1/go.mod h1:bttEH6JqnUL8LepvDVfdrds/fZ5bCIxzpe3abyUrhDU=
github.com/aws/aws-sdk-go-v2/internal/configsources v1.5.4 h1:CLq4+8UHCI+ZZYl/EuJxXovaIVN2xeeT8JV+dsApQ5E=
github.com/aws/aws-sdk-go-v2/internal/configsources v1.5.4/go.mod h1:Wv4q5sAM04xAMkoOedxLx2inVf6K5FdxYp+A61L+q/0=
github.com/aws/aws-sdk-go-v2/internal/endpoints/v2 v2.8.4 h1:dD4MR81I7YkpEBRk6UP9rocC2QnT3qVuXwzlYTtfGEs=
github.com/aws/aws-sdk-go-v2/internal/endpoints/v2 v2.8.4/go.mod h1:EcXV1kAFd5XwSkDHlj94gnF3q5CkJyYiIJfH8N0VmrE=
github.com/aws/aws-sdk-go-v2/service/verifiedpermissions v1.41.1 h1:IY5uQUt4R5xy7uEKp6Y8LiAodOQakCMa4u6ZQRHfXXg=
github.com/aws/aws-sdk-go-v2/service/verifiedpermissions v1.41.1/go.mod h1:tZykXW2/F2sx52QtYFmlmRElykpNFPIwCu9TYszKn+4=
github.com/aws/smithy-go v1.28.1 h1:R/nXH00c8qcfCzQVELtRw+eLQWtzv+VAIEFJ1/xxXlQ=
github.com/aws/smithy-go v1.28.1/go.mod h1:YE2RhdIuDbA5E5bTdciG9KrW3+TiEONeUWCqxX9i1Fc=
github.com/cedar-policy/cedar-go v1.8.0 h1:9gcU7EHXwHC2RMdpph68yTAkdB3behTTssC+kt4GoS8=
github.com/cedar-policy/cedar-go v1.8.0/go.mod h1:h5+3CVW1oI5LXVskJG+my9TFCYI5yjh/+Ul3EJie6MI=
github.com/google/go-cmp v0.7.0 h1:wk8382ETsv4JYUZwIsn6YpYiWiBsYLSJiTsyBybVuN8=
github.com/google/go-cmp v0.7.0/go.mod h1:pXiqmnSA92OHEEa9HXL2W4E7lf9JzCmGVUdgjX3N/iU=
golang.org/x/exp v0.0.0-20220921023135-46d9e7742f1e h1:Ctm9yurWsg7aWwIpH9Bnap/IdSVxixymIb3MhiMEQQA=
golang.org/x/exp v0.0.0-20220921023135-46d9e7742f1e/go.mod h1:cyybsKvd6eL0RnXn6p/Grxp8F5bW7iYuBgsNCOHpMYE=
